
Microsoft Visual Studio Solution File, Format Version 12.00
# Visual Studio Version 16
VisualStudioVersion = 16.0.29806.167
MinimumVisualStudioVersion = 10.0.40219.1
Project("{FAE04EC0-301F-11D3-BF4B-00C04F79EFBC}") = "AppCambio.Android", "AppCambio\AppCambio.Android\AppCambio.Android.csproj", "{FC89E70D-CC1A-415D-A4E7-EF435431DEB6}"
EndProject
Project("{FAE04EC0-301F-11D3-BF4B-00C04F79EFBC}") = "AppCambio.iOS", "AppCambio\AppCambio.iOS\AppCambio.iOS.csproj", "{5A465778-01E0-40B0-B531-9297AF2B9DC5}"
EndProject
Project("{FAE04EC0-301F-11D3-BF4B-00C04F79EFBC}") = "AppCambio", "AppCambio\AppCambio\AppCambio.csproj", "{DDFC39D7-5249-47FE-956F-E86601F69729}"
EndProject
Global
	GlobalSection(SolutionConfigurationPlatforms) = preSolution
		Debug|Any CPU = Debug|Any CPU
		Debug|iPhone = Debug|iPhone
		Debug|iPhoneSimulator = Debug|iPhoneSimulator
		Release|Any CPU = Release|Any CPU
		Release|iPhone = Release|iPhone
		Release|iPhoneSimulator = Release|iPhoneSimulator
	EndGlobalSection
	GlobalSection(ProjectConfigurationPlatforms) = postSolution
		{FC89E70D-CC1A-415D-A4E7-EF435431DEB6}.Debug|Any CPU.ActiveCfg = Debug|Any CPU
		{FC89E70D-CC1A-415D-A4E7-EF435431DEB6}.Debug|Any CPU.Build.0 = Debug|Any CPU
		{FC89E70D-CC1A-415D-A4E7-EF435431DEB6}.Debug|Any CPU.Deploy.0 = Debug|Any CPU
		{FC89E70D-CC1A-415D-A4E7-EF435431DEB6}.Debug|iPhone.ActiveCfg = Debug|Any CPU
		{FC89E70D-CC1A-415D-A4E7-EF435431DEB6}.Debug|iPhone.Build.0 = Debug|Any CPU
		{FC89E70D-CC1A-415D-A4E7-EF435431DEB6}.Debug|iPhone.Deploy.0 = Debug|Any CPU
		{FC89E70D-CC1A-415D-A4E7-EF435431DEB6}.Debug|iPhoneSimulator.ActiveCfg = Debug|Any CPU
		{FC89E70D-CC1A-415D-A4E7-EF435431DEB6}.Debug|iPhoneSimulator.Build.0 = Debug|Any CPU
		{FC89E70D-CC1A-415D-A4E7-EF435431DEB6}.Debug|iPhoneSimulator.Deploy.0 = Debug|Any CPU
		{FC89E70D-CC1A-415D-A4E7-EF435431DEB6}.Release|Any CPU.ActiveCfg = Release|Any CPU
		{FC89E70D-CC1A-415D-A4E7-EF435431DEB6}.Release|Any CPU.Build.0 = Release|Any CPU
		{FC89E70D-CC1A-415D-A4E7-EF435431DEB6}.Release|Any CPU.Deploy.0 = Release|Any CPU
		{FC89E70D-CC1A-415D-A4E7-EF435431DEB6}.Release|iPhone.ActiveCfg = Release|Any CPU
		{FC89E70D-CC1A-415D-A4E7-EF435431DEB6}.Release|iPhone.Build.0 = Release|Any CPU
		{FC89E70D-CC1A-415D-A4E7-EF435431DEB6}.Release|iPhone.Deploy.0 = Release|Any CPU
		{FC89E70D-CC1A-415D-A4E7-EF435431DEB6}.Release|iPhoneSimulator.ActiveCfg = Release|Any CPU
		{FC89E70D-CC1A-415D-A4E7-EF435431DEB6}.Release|iPhoneSimulator.Build.0 = Release|Any CPU
		{FC89E70D-CC1A-415D-A4E7-EF435431DEB6}.Release|iPhoneSimulator.Deploy.0 = Release|Any CPU
		{5A465778-01E0-40B0-B531-9297AF2B9DC5}.Debug|Any CPU.ActiveCfg = Debug|iPhoneSimulator
		{5A465778-01E0-40B0-B531-9297AF2B9DC5}.Debug|Any CPU.Build.0 = Debug|iPhoneSimulator
		{5A465778-01E0-40B0-B531-9297AF2B9DC5}.Debug|Any CPU.Deploy.0 = Debug|iPhoneSimulator
		{5A465778-01E0-40B0-B531-9297AF2B9DC5}.Debug|iPhone.ActiveCfg = Debug|iPhone
		{5A465778-01E0-40B0-B531-9297AF2B9DC5}.Debug|iPhone.Build.0 = Debug|iPhone
		{5A465778-01E0-40B0-B531-9297AF2B9DC5}.Debug|iPhone.Deploy.0 = Debug|iPhone
		{5A465778-01E0-40B0-B531-9297AF2B9DC5}.Debug|iPhoneSimulator.ActiveCfg = Debug|iPhoneSimulator
		{5A465778-01E0-40B0-B531-9297AF2B9DC5}.Debug|iPhoneSimulator.Build.0 = Debug|iPhoneSimulator
		{5A465778-01E0-40B0-B531-9297AF2B9DC5}.Debug|iPhoneSimulator.Deploy.0 = Debug|iPhoneSimulator
		{5A465778-01E0-40B0-B531-9297AF2B9DC5}.Release|Any CPU.ActiveCfg = Release|iPhone
		{5A465778-01E0-40B0-B531-9297AF2B9DC5}.Release|Any CPU.Build.0 = Release|iPhone
		{5A465778-01E0-40B0-B531-9297AF2B9DC5}.Release|Any CPU.Deploy.0 = Release|iPhone
		{5A465778-01E0-40B0-B531-9297AF2B9DC5}.Release|iPhone.ActiveCfg = Release|iPhone
		{5A465778-01E0-40B0-B531-9297AF2B9DC5}.Release|iPhone.Build.0 = Release|iPhone
		{5A465778-01E0-40B0-B531-9297AF2B9DC5}.Release|iPhone.Deploy.0 = Release|iPhone
		{5A465778-01E0-40B0-B531-9297AF2B9DC5}.Release|iPhoneSimulator.ActiveCfg = Release|iPhoneSimulator
		{5A465778-01E0-40B0-B531-9297AF2B9DC5}.Release|iPhoneSimulator.Build.0 = Release|iPhoneSimulator
		{5A465778-01E0-40B0-B531-9297AF2B9DC5}.Release|iPhoneSimulator.Deploy.0 = Release|iPhoneSimulator
		{DDFC39D7-5249-47FE-956F-E86601F69729}.Debug|Any CPU.ActiveCfg = Debug|Any CPU
		{DDFC39D7-5249-47FE-956F-E86601F69729}.Debug|Any CPU.Build.0 = Debug|Any CPU
		{DDFC39D7-5249-47FE-956F-E86601F69729}.Debug|Any CPU.Deploy.0 = Debug|Any CPU
		{DDFC39D7-5249-47FE-956F-E86601F69729}.Debug|iPhone.ActiveCfg = Debug|Any CPU
		{DDFC39D7-5249-47FE-956F-E86601F69729}.Debug|iPhone.Build.0 = Debug|Any CPU
		{DDFC39D7-5249-47FE-956F-E86601F69729}.Debug|iPhone.Deploy.0 = Debug|Any CPU
		{DDFC39D7-5249-47FE-956F-E86601F69729}.Debug|iPhoneSimulator.ActiveCfg = Debug|Any CPU
		{DDFC39D7-5249-47FE-956F-E86601F69729}.Debug|iPhoneSimulator.Build.0 = Debug|Any CPU
		{DDFC39D7-5249-47FE-956F-E86601F69729}.Debug|iPhoneSimulator.Deploy.0 = Debug|Any CPU
		{DDFC39D7-5249-47FE-956F-E86601F69729}.Release|Any CPU.ActiveCfg = Release|Any CPU
		{DDFC39D7-5249-47FE-956F-E86601F69729}.Release|Any CPU.Build.0 = Release|Any CPU
		{DDFC39D7-5249-47FE-956F-E86601F69729}.Release|Any CPU.Deploy.0 = Release|Any CPU
		{DDFC39D7-5249-47FE-956F-E86601F69729}.Release|iPhone.ActiveCfg = Release|Any CPU
		{DDFC39D7-5249-47FE-956F-E86601F69729}.Release|iPhone.Build.0 = Release|Any CPU
		{DDFC39D7-5249-47FE-956F-E86601F69729}.Release|iPhone.Deploy.0 = Release|Any CPU
		{DDFC39D7-5249-47FE-956F-E86601F69729}.Release|iPhoneSimulator.ActiveCfg = Release|Any CPU
		{DDFC39D7-5249-47FE-956F-E86601F69729}.Release|iPhoneSimulator.Build.0 = Release|Any CPU
		{DDFC39D7-5249-47FE-956F-E86601F69729}.Release|iPhoneSimulator.Deploy.0 = Release|Any CPU
	EndGlobalSection
	GlobalSection(SolutionProperties) = preSolution
		HideSolutionNode = FALSE
	EndGlobalSection
	GlobalSection(ExtensibilityGlobals) = postSolution
		SolutionGuid = {BE0D2EC0-9927-4AF3-B553-DD3ACAE96A97}
	EndGlobalSection
EndGlobal
